// !$*UTF8*$!
{
	archiveVersion = 1;
	classes = {
	};
	objectVersion = 46;
	objects = {

/* Begin PBXBuildFile section */
		36D6637B1D5D25750016F045 /* AppDelegate.swift in Sources */ = {isa = PBXBuildFile; fileRef = 36D6637A1D5D25750016F045 /* AppDelegate.swift */; };
		36D6637D1D5D25750016F045 /* ViewController.swift in Sources */ = {isa = PBXBuildFile; fileRef = 36D6637C1D5D25750016F045 /* ViewController.swift */; };
		36D663801D5D25750016F045 /* Main.storyboard in Resources */ = {isa = PBXBuildFile; fileRef = 36D6637E1D5D25750016F045 /* Main.storyboard */; };
		36D663821D5D25750016F045 /* Assets.xcassets in Resources */ = {isa = PBXBuildFile; fileRef = 36D663811D5D25750016F045 /* Assets.xcassets */; };
		36D663851D5D25750016F045 /* LaunchScreen.storyboard in Resources */ = {isa = PBXBuildFile; fileRef = 36D663831D5D25750016F045 /* LaunchScreen.storyboard */; };
		36D6638D1D5D26660016F045 /* ViewController1.swift in Sources */ = {isa = PBXBuildFile; fileRef = 36D6638C1D5D26660016F045 /* ViewController1.swift */; };
		36D6638F1D5D26780016F045 /* ViewController2.swift in Sources */ = {isa = PBXBuildFile; fileRef = 36D6638E1D5D26780016F045 /* ViewController2.swift */; };
		36D663921D5D27040016F045 /* CustomCell1.swift in Sources */ = {isa = PBXBuildFile; fileRef = 36D663901D5D27040016F045 /* CustomCell1.swift */; };
		36D663931D5D27040016F045 /* CustomCell1.xib in Resources */ = {isa = PBXBuildFile; fileRef = 36D663911D5D27040016F045 /* CustomCell1.xib */; };
		36D663971D5D27300016F045 /* CustomCell2.swift in Sources */ = {isa = PBXBuildFile; fileRef = 36D663961D5D27300016F045 /* CustomCell2.swift */; };
		36D663991D5D28280016F045 /* WeatherData.swift in Sources */ = {isa = PBXBuildFile; fileRef = 36D663981D5D28280016F045 /* WeatherData.swift */; };
/* End PBXBuildFile section */

/* Begin PBXFileReference section */
		36D663771D5D25750016F045 /* teratail_44048.app */ = {isa = PBXFileReference; explicitFileType = wrapper.application; includeInIndex = 0; path = teratail_44048.app; sourceTree = BUILT_PRODUCTS_DIR; };
		36D6637A1D5D25750016F045 /* AppDelegate.swift */ = {isa = PBXFileReference; lastKnownFileType = sourcecode.swift; path = AppDelegate.swift; sourceTree = "<group>"; };
		36D6637C1D5D25750016F045 /* ViewController.swift */ = {isa = PBXFileReference; lastKnownFileType = sourcecode.swift; path = ViewController.swift; sourceTree = "<group>"; };
		36D6637F1D5D25750016F045 /* Base */ = {isa = PBXFileReference; lastKnownFileType = file.storyboard; name = Base; path = Base.lproj/Main.storyboard; sourceTree = "<group>"; };
		36D663811D5D25750016F045 /* Assets.xcassets */ = {isa = PBXFileReference; lastKnownFileType = folder.assetcatalog; path = Assets.xcassets; sourceTree = "<group>"; };
		36D663841D5D25750016F045 /* Base */ = {isa = PBXFileReference; lastKnownFileType = file.storyboard; name = Base; path = Base.lproj/LaunchScreen.storyboard; sourceTree = "<group>"; };
		36D663861D5D25750016F045 /* Info.plist */ = {isa = PBXFileReference; lastKnownFileType = text.plist.xml; path = Info.plist; sourceTree = "<group>"; };
		36D6638C1D5D26660016F045 /* ViewController1.swift */ = {isa = PBXFileReference; fileEncoding = 4; lastKnownFileType = sourcecode.swift; path = ViewController1.swift; sourceTree = "<group>"; };
		36D6638E1D5D26780016F045 /* ViewController2.swift */ = {isa = PBXFileReference; fileEncoding = 4; lastKnownFileType = sourcecode.swift; path = ViewController2.swift; sourceTree = "<group>"; };
		36D663901D5D27040016F045 /* CustomCell1.swift */ = {isa = PBXFileReference; fileEncoding = 4; lastKnownFileType = sourcecode.swift; path = CustomCell1.swift; sourceTree = "<group>"; };
		36D663911D5D27040016F045 /* CustomCell1.xib */ = {isa = PBXFileReference; fileEncoding = 4; lastKnownFileType = file.xib; path = CustomCell1.xib; sourceTree = "<group>"; };
		36D663961D5D27300016F045 /* CustomCell2.swift */ = {isa = PBXFileReference; fileEncoding = 4; lastKnownFileType = sourcecode.swift; path = CustomCell2.swift; sourceTree = "<group>"; };
		36D663981D5D28280016F045 /* WeatherData.swift */ = {isa = PBXFileReference; fileEncoding = 4; lastKnownFileType = sourcecode.swift; path = WeatherData.swift; sourceTree = "<group>"; };
/* End PBXFileReference section */

/* Begin PBXFrameworksBuildPhase section */
		36D663741D5D25750016F045 /* Frameworks */ = {
			isa = PBXFrameworksBuildPhase;
			buildActionMask = 2147483647;
			files = (
			);
			runOnlyForDeploymentPostprocessing = 0;
		};
/* End PBXFrameworksBuildPhase section */

/* Begin PBXGroup section */
		36D6636E1D5D25750016F045 = {
			isa = PBXGroup;
			children = (
				36D663791D5D25750016F045 /* teratail_44048 */,
				36D663781D5D25750016F045 /* Products */,
			);
			sourceTree = "<group>";
		};
		36D663781D5D25750016F045 /* Products */ = {
			isa = PBXGroup;
			children = (
				36D663771D5D25750016F045 /* teratail_44048.app */,
			);
			name = Products;
			sourceTree = "<group>";
		};
		36D663791D5D25750016F045 /* teratail_44048 */ = {
			isa = PBXGroup;
			children = (
				36D6637A1D5D25750016F045 /* AppDelegate.swift */,
				36D6637C1D5D25750016F045 /* ViewController.swift */,
				36D663981D5D28280016F045 /* WeatherData.swift */,
				36D663941D5D27090016F045 /* ViewController1 */,
				36D663951D5D27180016F045 /* ViewController2 */,
				36D6637E1D5D25750016F045 /* Main.storyboard */,
				36D663811D5D25750016F045 /* Assets.xcassets */,
				36D663831D5D25750016F045 /* LaunchScreen.storyboard */,
				36D663861D5D25750016F045 /* Info.plist */,
			);
			path = teratail_44048;
			sourceTree = "<group>";
		};
		36D663941D5D27090016F045 /* ViewController1 */ = {
			isa = PBXGroup;
			children = (
				36D6638C1D5D26660016F045 /* ViewController1.swift */,
				36D663901D5D27040016F045 /* CustomCell1.swift */,
				36D663911D5D27040016F045 /* CustomCell1.xib */,
			);
			name = ViewController1;
			sourceTree = "<group>";
		};
		36D663951D5D27180016F045 /* ViewController2 */ = {
			isa = PBXGroup;
			children = (
				36D6638E1D5D26780016F045 /* ViewController2.swift */,
				36D663961D5D27300016F045 /* CustomCell2.swift */,
			);
			name = ViewController2;
			sourceTree = "<group>";
		};
/* End PBXGroup section */

/* Begin PBXNativeTarget section */
		36D663761D5D25750016F045 /* teratail_44048 */ = {
			isa = PBXNativeTarget;
			buildConfigurationList = 36D663891D5D25750016F045 /* Build configuration list for PBXNativeTarget "teratail_44048" */;
			buildPhases = (
				36D663731D5D25750016F045 /* Sources */,
				36D663741D5D25750016F045 /* Frameworks */,
				36D663751D5D25750016F045 /* Resources */,
			);
			buildRules = (
			);
			dependencies = (
			);
			name = teratail_44048;
			productName = teratail_44048;
			productReference = 36D663771D5D25750016F045 /* teratail_44048.app */;
			productType = "com.apple.product-type.application";
		};
/* End PBXNativeTarget section */

/* Begin PBXProject section */
		36D6636F1D5D25750016F045 /* Project object */ = {
			isa = PBXProject;
			attributes = {
				LastSwiftUpdateCheck = 0730;
				LastUpgradeCheck = 0730;
				ORGANIZATIONNAME = KentarOu;
				TargetAttributes = {
					36D663761D5D25750016F045 = {
						CreatedOnToolsVersion = 7.3.1;
					};
				};
			};
			buildConfigurationList = 36D663721D5D25750016F045 /* Build configuration list for PBXProject "teratail_44048" */;
			compatibilityVersion = "Xcode 3.2";
			developmentRegion = English;
			hasScannedForEncodings = 0;
			knownRegions = (
				en,
				Base,
			);
			mainGroup = 36D6636E1D5D25750016F045;
			productRefGroup = 36D663781D5D25750016F045 /* Products */;
			projectDirPath = "";
			projectRoot = "";
			targets = (
				36D663761D5D25750016F045 /* teratail_44048 */,
			);
		};
/* End PBXProject section */

/* Begin PBXResourcesBuildPhase section */
		36D663751D5D25750016F045 /* Resources */ = {
			isa = PBXResourcesBuildPhase;
			buildActionMask = 2147483647;
			files = (
				36D663931D5D27040016F045 /* CustomCell1.xib in Resources */,
				36D663851D5D25750016F045 /* LaunchScreen.storyboard in Resources */,
				36D663821D5D25750016F045 /* Assets.xcassets in Resources */,
				36D663801D5D25750016F045 /* Main.storyboard in Resources */,
			);
			runOnlyForDeploymentPostprocessing = 0;
		};
/* End PBXResourcesBuildPhase section */

/* Begin PBXSourcesBuildPhase section */
		36D663731D5D25750016F045 /* Sources */ = {
			isa = PBXSourcesBuildPhase;
			buildActionMask = 2147483647;
			files = (
				36D6638D1D5D26660016F045 /* ViewController1.swift in Sources */,
				36D6638F1D5D26780016F045 /* ViewController2.swift in Sources */,
				36D663991D5D28280016F045 /* WeatherData.swift in Sources */,
				36D6637D1D5D25750016F045 /* ViewController.swift in Sources */,
				36D663971D5D27300016F045 /* CustomCell2.swift in Sources */,
				36D6637B1D5D25750016F045 /* AppDelegate.swift in Sources */,
				36D663921D5D27040016F045 /* CustomCell1.swift in Sources */,
			);
			runOnlyForDeploymentPostprocessing = 0;
		};
/* End PBXSourcesBuildPhase section */

/* Begin PBXVariantGroup section */
		36D6637E1D5D25750016F045 /* Main.storyboard */ = {
			isa = PBXVariantGroup;
			children = (
				36D6637F1D5D25750016F045 /* Base */,
			);
			name = Main.storyboard;
			sourceTree = "<group>";
		};
		36D663831D5D25750016F045 /* LaunchScreen.storyboard */ = {
			isa = PBXVariantGroup;
			children = (
				36D663841D5D25750016F045 /* Base */,
			);
			name = LaunchScreen.storyboard;
			sourceTree = "<group>";
		};
/* End PBXVariantGroup section */

/* Begin XCBuildConfiguration section */
		36D663871D5D25750016F045 /* Debug */ = {
			isa = XCBuildConfiguration;
			buildSettings = {
				ALWAYS_SEARCH_USER_PATHS = NO;
				CLANG_ANALYZER_NONNULL = YES;
				CLANG_CXX_LANGUAGE_STANDARD = "gnu++0x";
				CLANG_CXX_LIBRARY = "libc++";
				CLANG_ENABLE_MODULES = YES;
				CLANG_ENABLE_OBJC_ARC = YES;
				CLANG_WARN_BOOL_CONVERSION = YES;
				CLANG_WARN_CONSTANT_CONVERSION = YES;
				CLANG_WARN_DIRECT_OBJC_ISA_USAGE = YES_ERROR;
				CLANG_WARN_EMPTY_BODY = YES;
				CLANG_WARN_ENUM_CONVERSION = YES;
				CLANG_WARN_INT_CONVERSION = YES;
				CLANG_WARN_OBJC_ROOT_CLASS = YES_ERROR;
				CLANG_WARN_UNREACHABLE_CODE = YES;
				CLANG_WARN__DUPLICATE_METHOD_MATCH = YES;
				"CODE_SIGN_IDENTITY[sdk=iphoneos*]" = "iPhone Developer";
				COPY_PHASE_STRIP = NO;
				DEBUG_INFORMATION_FORMAT = dwarf;
				ENABLE_STRICT_OBJC_MSGSEND = YES;
				ENABLE_TESTABILITY = YES;
				GCC_C_LANGUAGE_STANDARD = gnu99;
				GCC_DYNAMIC_NO_PIC = NO;
				GCC_NO_COMMON_BLOCKS = YES;
				GCC_OPTIMIZATION_LEVEL = 0;
				GCC_PREPROCESSOR_DEFINITIONS = (
					"DEBUG=1",
					"$(inherited)",
				);
				GCC_WARN_64_TO_32_BIT_CONVERSION = YES;
				GCC_WARN_ABOUT_RETURN_TYPE = YES_ERROR;
				GCC_WARN_UNDECLARED_SELECTOR = YES;
				GCC_WARN_UNINITIALIZED_AUTOS = YES_AGGRESSIVE;
				GCC_WARN_UNUSED_FUNCTION = YES;
				GCC_WARN_UNUSED_VARIABLE = YES;
				IPHONEOS_DEPLOYMENT_TARGET = 9.3;
				MTL_ENABLE_DEBUG_INFO = YES;
				ONLY_ACTIVE_ARCH = YES;
				SDKROOT = iphoneos;
				SWIFT_OPTIMIZATION_LEVEL = "-Onone";
			};
			name = Debug;
		};
		36D663881D5D25750016F045 /* Release */ = {
			isa = XCBuildConfiguration;
			buildSettings = {
				ALWAYS_SEARCH_USER_PATHS = NO;
				CLANG_ANALYZER_NONNULL = YES;
				CLANG_CXX_LANGUAGE_STANDARD = "gnu++0x";
				CLANG_CXX_LIBRARY = "libc++";
				CLANG_ENABLE_MODULES = YES;
				CLANG_ENABLE_OBJC_ARC = YES;
				CLANG_WARN_BOOL_CONVERSION = YES;
				CLANG_WARN_CONSTANT_CONVERSION = YES;
				CLANG_WARN_DIRECT_OBJC_ISA_USAGE = YES_ERROR;
				CLANG_WARN_EMPTY_BODY = YES;
				CLANG_WARN_ENUM_CONVERSION = YES;
				CLANG_WARN_INT_CONVERSION = YES;
				CLANG_WARN_OBJC_ROOT_CLASS = YES_ERROR;
				CLANG_WARN_UNREACHABLE_CODE = YES;
				CLANG_WARN__DUPLICATE_METHOD_MATCH = YES;
				"CODE_SIGN_IDENTITY[sdk=iphoneos*]" = "iPhone Developer";
				COPY_PHASE_STRIP = NO;
				DEBUG_INFORMATION_FORMAT = "dwarf-with-dsym";
				ENABLE_NS_ASSERTIONS = NO;
				ENABLE_STRICT_OBJC_MSGSEND = YES;
				GCC_C_LANGUAGE_STANDARD = gnu99;
				GCC_NO_COMMON_BLOCKS = YES;
				GCC_WARN_64_TO_32_BIT_CONVERSION = YES;
				GCC_WARN_ABOUT_RETURN_TYPE = YES_ERROR;
				GCC_WARN_UNDECLARED_SELECTOR = YES;
				GCC_WARN_UNINITIALIZED_AUTOS = YES_AGGRESSIVE;
				GCC_WARN_UNUSED_FUNCTION = YES;
				GCC_WARN_UNUSED_VARIABLE = YES;
				IPHONEOS_DEPLOYMENT_TARGET = 9.3;
				MTL_ENABLE_DEBUG_INFO = NO;
				SDKROOT = iphoneos;
				VALIDATE_PRODUCT = YES;
			};
			name = Release;
		};
		36D6638A1D5D25750016F045 /* Debug */ = {
			isa = XCBuildConfiguration;
			buildSettings = {
				ASSETCATALOG_COMPILER_APPICON_NAME = AppIcon;
				INFOPLIST_FILE = teratail_44048/Info.plist;
				LD_RUNPATH_SEARCH_PATHS = "$(inherited) @executable_path/Frameworks";
				PRODUCT_BUNDLE_IDENTIFIER = "me.kentarou.teratail-44048";
				PRODUCT_NAME = "$(TARGET_NAME)";
			};
			name = Debug;
		};
		36D6638B1D5D25750016F045 /* Release */ = {
			isa = XCBuildConfiguration;
			buildSettings = {
				ASSETCATALOG_COMPILER_APPICON_NAME = AppIcon;
				INFOPLIST_FILE = teratail_44048/Info.plist;
				LD_RUNPATH_SEARCH_PATHS = "$(inherited) @executable_path/Frameworks";
				PRODUCT_BUNDLE_IDENTIFIER = "me.kentarou.teratail-44048";
				PRODUCT_NAME = "$(TARGET_NAME)";
			};
			name = Release;
		};
/* End XCBuildConfiguration section */

/* Begin XCConfigurationList section */
		36D663721D5D25750016F045 /* Build configuration list for PBXProject "teratail_44048" */ = {
			isa = XCConfigurationList;
			buildConfigurations = (
				36D663871D5D25750016F045 /* Debug */,
				36D663881D5D25750016F045 /* Release */,
			);
			defaultConfigurationIsVisible = 0;
			defaultConfigurationName = Release;
		};
		36D663891D5D25750016F045 /* Build configuration list for PBXNativeTarget "teratail_44048" */ = {
			isa = XCConfigurationList;
			buildConfigurations = (
				36D6638A1D5D25750016F045 /* Debug */,
				36D6638B1D5D25750016F045 /* Release */,
			);
			defaultConfigurationIsVisible = 0;
		};
/* End XCConfigurationList section */
	};
	rootObject = 36D6636F1D5D25750016F045 /* Project object */;
}
